
Microsoft Visual Studio Solution File, Format Version 12.00
# Visual Studio Version 16
VisualStudioVersion = 16.0.28803.202
MinimumVisualStudioVersion = 10.0.40219.1
Project("{FAE04EC0-301F-11D3-BF4B-00C04F79EFBC}") = "Linqexo4", "Linqexo4\Linqexo4.csproj", "{BEA7ED1A-8556-47B1-AFFA-1AF12CB0FD4A}"
EndProject
Global
	GlobalSection(SolutionConfigurationPlatforms) = preSolution
		Debug|Any CPU = Debug|Any CPU
		Release|Any CPU = Release|Any CPU
	EndGlobalSection
	GlobalSection(ProjectConfigurationPlatforms) = postSolution
		{BEA7ED1A-8556-47B1-AFFA-1AF12CB0FD4A}.Debug|Any CPU.ActiveCfg = Debug|Any CPU
		{BEA7ED1A-8556-47B1-AFFA-1AF12CB0FD4A}.Debug|Any CPU.Build.0 = Debug|Any CPU
		{BEA7ED1A-8556-47B1-AFFA-1AF12CB0FD4A}.Release|Any CPU.ActiveCfg = Release|Any CPU
		{BEA7ED1A-8556-47B1-AFFA-1AF12CB0FD4A}.Release|Any CPU.Build.0 = Release|Any CPU
	EndGlobalSection
	GlobalSection(SolutionProperties) = preSolution
		HideSolutionNode = FALSE
	EndGlobalSection
	GlobalSection(ExtensibilityGlobals) = postSolution
		SolutionGuid = {32C43DBF-9E59-40EF-9A69-D5817B23E6BC}
	EndGlobalSection
EndGlobal
